
Microsoft Visual Studio Solution File, Format Version 12.00
# Visual Studio Version 17
VisualStudioVersion = 17.6.33723.286
MinimumVisualStudioVersion = 10.0.40219.1
Project("{FAE04EC0-301F-11D3-BF4B-00C04F79EFBC}") = "at3", "at3\at3.csproj", "{213150C4-39DE-413D-8F82-71AE97064C33}"
EndProject
Global
	GlobalSection(SolutionConfigurationPlatforms) = preSolution
		Debug|Any CPU = Debug|Any CPU
		Release|Any CPU = Release|Any CPU
	EndGlobalSection
	GlobalSection(ProjectConfigurationPlatforms) = postSolution
		{213150C4-39DE-413D-8F82-71AE97064C33}.Debug|Any CPU.ActiveCfg = Debug|Any CPU
		{213150C4-39DE-413D-8F82-71AE97064C33}.Debug|Any CPU.Build.0 = Debug|Any CPU
		{213150C4-39DE-413D-8F82-71AE97064C33}.Release|Any CPU.ActiveCfg = Release|Any CPU
		{213150C4-39DE-413D-8F82-71AE97064C33}.Release|Any CPU.Build.0 = Release|Any CPU
	EndGlobalSection
	GlobalSection(SolutionProperties) = preSolution
		HideSolutionNode = FALSE
	EndGlobalSection
	GlobalSection(ExtensibilityGlobals) = postSolution
		SolutionGuid = {76025F15-8F8E-4392-A420-E8E4FBBF04E3}
	EndGlobalSection
EndGlobal
